
Microsoft Visual Studio Solution File, Format Version 12.00
# Visual Studio Version 16
VisualStudioVersion = 16.0.31005.135
MinimumVisualStudioVersion = 10.0.40219.1
Project("{FAE04EC0-301F-11D3-BF4B-00C04F79EFBC}") = "HelloName", "HelloName.csproj", "{BA09BDBE-1F1E-48F8-929E-DF99205132E4}"
EndProject
Global
	GlobalSection(SolutionConfigurationPlatforms) = preSolution
		Debug|Any CPU = Debug|Any CPU
		Release|Any CPU = Release|Any CPU
	EndGlobalSection
	GlobalSection(ProjectConfigurationPlatforms) = postSolution
		{BA09BDBE-1F1E-48F8-929E-DF99205132E4}.Debug|Any CPU.ActiveCfg = Debug|Any CPU
		{BA09BDBE-1F1E-48F8-929E-DF99205132E4}.Debug|Any CPU.Build.0 = Debug|Any CPU
		{BA09BDBE-1F1E-48F8-929E-DF99205132E4}.Release|Any CPU.ActiveCfg = Release|Any CPU
		{BA09BDBE-1F1E-48F8-929E-DF99205132E4}.Release|Any CPU.Build.0 = Release|Any CPU
	EndGlobalSection
	GlobalSection(SolutionProperties) = preSolution
		HideSolutionNode = FALSE
	EndGlobalSection
	GlobalSection(ExtensibilityGlobals) = postSolution
		SolutionGuid = {B1389D19-1043-4743-963D-7724A1224DB2}
	EndGlobalSection
EndGlobal
